
Microsoft Visual Studio Solution File, Format Version 12.00
# Visual Studio Version 16
VisualStudioVersion = 16.0.29025.244
MinimumVisualStudioVersion = 10.0.40219.1
Project("{FAE04EC0-301F-11D3-BF4B-00C04F79EFBC}") = "ForLoops", "ForLoops\ForLoops.csproj", "{88C1D153-7B68-4512-A47C-FE26C2B2F31D}"
EndProject
Global
	GlobalSection(SolutionConfigurationPlatforms) = preSolution
		Debug|Any CPU = Debug|Any CPU
		Release|Any CPU = Release|Any CPU
	EndGlobalSection
	GlobalSection(ProjectConfigurationPlatforms) = postSolution
		{88C1D153-7B68-4512-A47C-FE26C2B2F31D}.Debug|Any CPU.ActiveCfg = Debug|Any CPU
		{88C1D153-7B68-4512-A47C-FE26C2B2F31D}.Debug|Any CPU.Build.0 = Debug|Any CPU
		{88C1D153-7B68-4512-A47C-FE26C2B2F31D}.Release|Any CPU.ActiveCfg = Release|Any CPU
		{88C1D153-7B68-4512-A47C-FE26C2B2F31D}.Release|Any CPU.Build.0 = Release|Any CPU
	EndGlobalSection
	GlobalSection(SolutionProperties) = preSolution
		HideSolutionNode = FALSE
	EndGlobalSection
	GlobalSection(ExtensibilityGlobals) = postSolution
		SolutionGuid = {367533C8-4421-4A80-989E-4067DA777361}
	EndGlobalSection
EndGlobal
