
Microsoft Visual Studio Solution File, Format Version 12.00
# Visual Studio 15
VisualStudioVersion = 15.0.28010.2026
MinimumVisualStudioVersion = 10.0.40219.1
Project("{FAE04EC0-301F-11D3-BF4B-00C04F79EFBC}") = "Alber_TA18E_OOP", "Alber_TA18E_OOp\Alber_TA18E_OOP.csproj", "{00FBCDD7-5B63-4D9B-A790-193AEC498D85}"
EndProject
Global
	GlobalSection(SolutionConfigurationPlatforms) = preSolution
		Debug|Any CPU = Debug|Any CPU
		Release|Any CPU = Release|Any CPU
	EndGlobalSection
	GlobalSection(ProjectConfigurationPlatforms) = postSolution
		{00FBCDD7-5B63-4D9B-A790-193AEC498D85}.Debug|Any CPU.ActiveCfg = Debug|Any CPU
		{00FBCDD7-5B63-4D9B-A790-193AEC498D85}.Debug|Any CPU.Build.0 = Debug|Any CPU
		{00FBCDD7-5B63-4D9B-A790-193AEC498D85}.Release|Any CPU.ActiveCfg = Release|Any CPU
		{00FBCDD7-5B63-4D9B-A790-193AEC498D85}.Release|Any CPU.Build.0 = Release|Any CPU
	EndGlobalSection
	GlobalSection(SolutionProperties) = preSolution
		HideSolutionNode = FALSE
	EndGlobalSection
	GlobalSection(ExtensibilityGlobals) = postSolution
		SolutionGuid = {042EDC21-D4F4-4620-BC40-DC8CA40FA4BB}
	EndGlobalSection
EndGlobal
