
Microsoft Visual Studio Solution File, Format Version 12.00
# Visual Studio Version 16
VisualStudioVersion = 16.0.29209.62
MinimumVisualStudioVersion = 10.0.40219.1
Project("{FAE04EC0-301F-11D3-BF4B-00C04F79EFBC}") = "Interfaces", "Interfaces\Interfaces.csproj", "{678EDEF9-5890-4182-9A13-4DDBC891292D}"
EndProject
Global
	GlobalSection(SolutionConfigurationPlatforms) = preSolution
		Debug|Any CPU = Debug|Any CPU
		Release|Any CPU = Release|Any CPU
	EndGlobalSection
	GlobalSection(ProjectConfigurationPlatforms) = postSolution
		{678EDEF9-5890-4182-9A13-4DDBC891292D}.Debug|Any CPU.ActiveCfg = Debug|Any CPU
		{678EDEF9-5890-4182-9A13-4DDBC891292D}.Debug|Any CPU.Build.0 = Debug|Any CPU
		{678EDEF9-5890-4182-9A13-4DDBC891292D}.Release|Any CPU.ActiveCfg = Release|Any CPU
		{678EDEF9-5890-4182-9A13-4DDBC891292D}.Release|Any CPU.Build.0 = Release|Any CPU
	EndGlobalSection
	GlobalSection(SolutionProperties) = preSolution
		HideSolutionNode = FALSE
	EndGlobalSection
	GlobalSection(ExtensibilityGlobals) = postSolution
		SolutionGuid = {EC129CF0-A803-46CB-A166-37BC8D759C26}
	EndGlobalSection
EndGlobal
