
Microsoft Visual Studio Solution File, Format Version 12.00
# Visual Studio Version 16
VisualStudioVersion = 16.0.29025.244
MinimumVisualStudioVersion = 10.0.40219.1
Project("{FAE04EC0-301F-11D3-BF4B-00C04F79EFBC}") = "Login", "Login\Login.csproj", "{8A317C15-39E0-43B5-8AA4-E2549EB99299}"
EndProject
Global
	GlobalSection(SolutionConfigurationPlatforms) = preSolution
		Debug|Any CPU = Debug|Any CPU
		Release|Any CPU = Release|Any CPU
	EndGlobalSection
	GlobalSection(ProjectConfigurationPlatforms) = postSolution
		{8A317C15-39E0-43B5-8AA4-E2549EB99299}.Debug|Any CPU.ActiveCfg = Debug|Any CPU
		{8A317C15-39E0-43B5-8AA4-E2549EB99299}.Debug|Any CPU.Build.0 = Debug|Any CPU
		{8A317C15-39E0-43B5-8AA4-E2549EB99299}.Release|Any CPU.ActiveCfg = Release|Any CPU
		{8A317C15-39E0-43B5-8AA4-E2549EB99299}.Release|Any CPU.Build.0 = Release|Any CPU
	EndGlobalSection
	GlobalSection(SolutionProperties) = preSolution
		HideSolutionNode = FALSE
	EndGlobalSection
	GlobalSection(ExtensibilityGlobals) = postSolution
		SolutionGuid = {BB47D55F-5165-4765-B0B3-E3081E8F3FE7}
	EndGlobalSection
EndGlobal
