{
   "name": "todo-app",
   "version": "0.1.0",
   "lockfileVersion": 1,
   "requires": true,
   "dependencies": {
      "react-flip-numbers": {
         "version": "3.0.4",
         "resolved": "https://registry.npmjs.org/react-flip-numbers/-/react-flip-numbers-3.0.4.tgz",
         "integrity": "sha512-2CEagDUD1KkFrhhqqakwmFaGqKa0hDeZpAYj4FB+8HEVbMFQxZ00Liko/rovwViXb8SzaFtzRwcXxqdq0sUkig==",
         "requires": {
            "react-simple-animate": "3.0.2"
         }
      },
      "react-simple-animate": {
         "version": "3.0.2",
         "resolved": "https://registry.npmjs.org/react-simple-animate/-/react-simple-animate-3.0.2.tgz",
         "integrity": "sha512-GDpznDMpIHHdH6L6AZo9nNry6Xsq7forKmd6rwigMSuxe4FS9ihK0HSC1odB4WWKbA87S8VL7EVR9JeTRVkbQA=="
      }
   }
}
