
Microsoft Visual Studio Solution File, Format Version 12.00
# Visual Studio Version 16
VisualStudioVersion = 16.0.29411.108
MinimumVisualStudioVersion = 10.0.40219.1
Project("{FAE04EC0-301F-11D3-BF4B-00C04F79EFBC}") = "RestoranMenu", "RestoranMenu\RestoranMenu.csproj", "{DFDD5A39-5CD3-4367-B281-FF61A0ADAC73}"
EndProject
Global
	GlobalSection(SolutionConfigurationPlatforms) = preSolution
		Debug|Any CPU = Debug|Any CPU
		Release|Any CPU = Release|Any CPU
	EndGlobalSection
	GlobalSection(ProjectConfigurationPlatforms) = postSolution
		{DFDD5A39-5CD3-4367-B281-FF61A0ADAC73}.Debug|Any CPU.ActiveCfg = Debug|Any CPU
		{DFDD5A39-5CD3-4367-B281-FF61A0ADAC73}.Debug|Any CPU.Build.0 = Debug|Any CPU
		{DFDD5A39-5CD3-4367-B281-FF61A0ADAC73}.Release|Any CPU.ActiveCfg = Release|Any CPU
		{DFDD5A39-5CD3-4367-B281-FF61A0ADAC73}.Release|Any CPU.Build.0 = Release|Any CPU
	EndGlobalSection
	GlobalSection(SolutionProperties) = preSolution
		HideSolutionNode = FALSE
	EndGlobalSection
	GlobalSection(ExtensibilityGlobals) = postSolution
		SolutionGuid = {9A8F8FDF-E8F4-453C-B319-0C82602EDC57}
	EndGlobalSection
EndGlobal
