
Microsoft Visual Studio Solution File, Format Version 12.00
# Visual Studio 15
VisualStudioVersion = 15.0.28307.329
MinimumVisualStudioVersion = 10.0.40219.1
Project("{FAE04EC0-301F-11D3-BF4B-00C04F79EFBC}") = "31_01_19", "31_01_19\31_01_19.csproj", "{35A930F2-CE00-4FA0-858D-1FA6D066E3E1}"
EndProject
Global
	GlobalSection(SolutionConfigurationPlatforms) = preSolution
		Debug|Any CPU = Debug|Any CPU
		Release|Any CPU = Release|Any CPU
	EndGlobalSection
	GlobalSection(ProjectConfigurationPlatforms) = postSolution
		{35A930F2-CE00-4FA0-858D-1FA6D066E3E1}.Debug|Any CPU.ActiveCfg = Debug|Any CPU
		{35A930F2-CE00-4FA0-858D-1FA6D066E3E1}.Debug|Any CPU.Build.0 = Debug|Any CPU
		{35A930F2-CE00-4FA0-858D-1FA6D066E3E1}.Release|Any CPU.ActiveCfg = Release|Any CPU
		{35A930F2-CE00-4FA0-858D-1FA6D066E3E1}.Release|Any CPU.Build.0 = Release|Any CPU
	EndGlobalSection
	GlobalSection(SolutionProperties) = preSolution
		HideSolutionNode = FALSE
	EndGlobalSection
	GlobalSection(ExtensibilityGlobals) = postSolution
		SolutionGuid = {5E3FA355-BDD5-4323-8967-49CF36237849}
	EndGlobalSection
EndGlobal
