
Microsoft Visual Studio Solution File, Format Version 12.00
# Visual Studio Version 16
VisualStudioVersion = 16.0.29209.62
MinimumVisualStudioVersion = 10.0.40219.1
Project("{FAE04EC0-301F-11D3-BF4B-00C04F79EFBC}") = "Lambda", "Lambda\Lambda.csproj", "{1F5E60A9-A195-46DF-999C-11393BE09195}"
EndProject
Global
	GlobalSection(SolutionConfigurationPlatforms) = preSolution
		Debug|Any CPU = Debug|Any CPU
		Release|Any CPU = Release|Any CPU
	EndGlobalSection
	GlobalSection(ProjectConfigurationPlatforms) = postSolution
		{1F5E60A9-A195-46DF-999C-11393BE09195}.Debug|Any CPU.ActiveCfg = Debug|Any CPU
		{1F5E60A9-A195-46DF-999C-11393BE09195}.Debug|Any CPU.Build.0 = Debug|Any CPU
		{1F5E60A9-A195-46DF-999C-11393BE09195}.Release|Any CPU.ActiveCfg = Release|Any CPU
		{1F5E60A9-A195-46DF-999C-11393BE09195}.Release|Any CPU.Build.0 = Release|Any CPU
	EndGlobalSection
	GlobalSection(SolutionProperties) = preSolution
		HideSolutionNode = FALSE
	EndGlobalSection
	GlobalSection(ExtensibilityGlobals) = postSolution
		SolutionGuid = {47A7A093-2E31-45A9-BADE-8AF231B3F322}
	EndGlobalSection
EndGlobal
