
Microsoft Visual Studio Solution File, Format Version 12.00
# Visual Studio 15
VisualStudioVersion = 15.0.28010.2026
MinimumVisualStudioVersion = 10.0.40219.1
Project("{FAE04EC0-301F-11D3-BF4B-00C04F79EFBC}") = "Kontrolltoo_2", "Kontrolltoo_2.csproj", "{26306074-E753-4789-9BC5-D9692226DEB6}"
EndProject
Global
	GlobalSection(SolutionConfigurationPlatforms) = preSolution
		Debug|Any CPU = Debug|Any CPU
		Release|Any CPU = Release|Any CPU
	EndGlobalSection
	GlobalSection(ProjectConfigurationPlatforms) = postSolution
		{26306074-E753-4789-9BC5-D9692226DEB6}.Debug|Any CPU.ActiveCfg = Debug|Any CPU
		{26306074-E753-4789-9BC5-D9692226DEB6}.Debug|Any CPU.Build.0 = Debug|Any CPU
		{26306074-E753-4789-9BC5-D9692226DEB6}.Release|Any CPU.ActiveCfg = Release|Any CPU
		{26306074-E753-4789-9BC5-D9692226DEB6}.Release|Any CPU.Build.0 = Release|Any CPU
	EndGlobalSection
	GlobalSection(SolutionProperties) = preSolution
		HideSolutionNode = FALSE
	EndGlobalSection
	GlobalSection(ExtensibilityGlobals) = postSolution
		SolutionGuid = {F667048A-6D03-4A19-AA4E-D429DC21A735}
	EndGlobalSection
EndGlobal
