
Microsoft Visual Studio Solution File, Format Version 12.00
# Visual Studio Version 16
VisualStudioVersion = 16.0.29025.244
MinimumVisualStudioVersion = 10.0.40219.1
Project("{FAE04EC0-301F-11D3-BF4B-00C04F79EFBC}") = "Challenge_IF_Statements", "Challenge_IF_Statements\Challenge_IF_Statements.csproj", "{F091C13D-DDA4-4A73-A95F-BBC03382C53D}"
EndProject
Global
	GlobalSection(SolutionConfigurationPlatforms) = preSolution
		Debug|Any CPU = Debug|Any CPU
		Release|Any CPU = Release|Any CPU
	EndGlobalSection
	GlobalSection(ProjectConfigurationPlatforms) = postSolution
		{F091C13D-DDA4-4A73-A95F-BBC03382C53D}.Debug|Any CPU.ActiveCfg = Debug|Any CPU
		{F091C13D-DDA4-4A73-A95F-BBC03382C53D}.Debug|Any CPU.Build.0 = Debug|Any CPU
		{F091C13D-DDA4-4A73-A95F-BBC03382C53D}.Release|Any CPU.ActiveCfg = Release|Any CPU
		{F091C13D-DDA4-4A73-A95F-BBC03382C53D}.Release|Any CPU.Build.0 = Release|Any CPU
	EndGlobalSection
	GlobalSection(SolutionProperties) = preSolution
		HideSolutionNode = FALSE
	EndGlobalSection
	GlobalSection(ExtensibilityGlobals) = postSolution
		SolutionGuid = {B3AC0DDD-54BB-466F-A71A-DF4D9584E8D9}
	EndGlobalSection
EndGlobal
